PODS:
  - Charts (3.0.4):
    - Charts/Core (= 3.0.4)
  - Charts/Core (3.0.4)

DEPENDENCIES:
  - Charts (~> 3.0.2)

SPEC REPOS:
  https://github.com/cocoapods/specs.git:
    - Charts

SPEC CHECKSUMS:
  Charts: 0705898046257443f0afbbc3179f4b67507b6e48

PODFILE CHECKSUM: f12ac7a0f70d0286e6d1d900a5c567e910e51dba

COCOAPODS: 1.5.3
